PODS:
  - ImageMagick (6.8.8-9):
    - ImageMagick/jpeg
    - ImageMagick/png
    - ImageMagick/tiff
    - ImageMagick/wand
  - ImageMagick/jpeg (6.8.8-9)
  - ImageMagick/png (6.8.8-9)
  - ImageMagick/tiff (6.8.8-9)
  - ImageMagick/wand (6.8.8-9)
  - TesseractOCRiOS (2.22)

DEPENDENCIES:
  - ImageMagick
  - TesseractOCRiOS (~> 2.22)

SPEC CHECKSUMS:
  ImageMagick: 69968e0a19a4407abaae92c09a13e9a7fd0d2ba3
  TesseractOCRiOS: 96e638295c3af9d95f27e9999eabfad405274466

COCOAPODS: 0.33.1
